
Microsoft Visual Studio Solution File, Format Version 12.00
# Visual Studio Version 17
Project("{8BC9CEB8-8B4A-11D0-8D11-00A0C91BC942}") = "core", "build\core.vcxproj", "{4E40957C-3A77-960D-E363-7C10CF79120F}"
EndProject
Project("{8BC9CEB8-8B4A-11D0-8D11-00A0C91BC942}") = "fstream", "build\fstream.vcxproj", "{D76A28C4-434A-A75F-4C62-3236B8C00DC1}"
EndProject
Project("{8BC9CEB8-8B4A-11D0-8D11-00A0C91BC942}") = "iostream", "build\iostream.vcxproj", "{898AE8D7-7557-43E3-9E70-318B8A9C7871}"
EndProject
Project("{8BC9CEB8-8B4A-11D0-8D11-00A0C91BC942}") = "primitives", "build\primitives.vcxproj", "{513AA084-3DF2-E1D1-A6F9-BA2D92D07CC2}"
EndProject
Project("{8BC9CEB8-8B4A-11D0-8D11-00A0C91BC942}") = "string", "build\string.vcxproj", "{FCAF931C-E851-BEF2-D10C-D246BD4D4543}"
EndProject
Global
	GlobalSection(SolutionConfigurationPlatforms) = preSolution
		Debug|Win32 = Debug|Win32
	EndGlobalSection
	GlobalSection(ProjectConfigurationPlatforms) = postSolution
		{4E40957C-3A77-960D-E363-7C10CF79120F}.Debug|Win32.ActiveCfg = Debug|Win32
		{4E40957C-3A77-960D-E363-7C10CF79120F}.Debug|Win32.Build.0 = Debug|Win32
		{D76A28C4-434A-A75F-4C62-3236B8C00DC1}.Debug|Win32.ActiveCfg = Debug|Win32
		{D76A28C4-434A-A75F-4C62-3236B8C00DC1}.Debug|Win32.Build.0 = Debug|Win32
		{898AE8D7-7557-43E3-9E70-318B8A9C7871}.Debug|Win32.ActiveCfg = Debug|Win32
		{898AE8D7-7557-43E3-9E70-318B8A9C7871}.Debug|Win32.Build.0 = Debug|Win32
		{513AA084-3DF2-E1D1-A6F9-BA2D92D07CC2}.Debug|Win32.ActiveCfg = Debug|Win32
		{513AA084-3DF2-E1D1-A6F9-BA2D92D07CC2}.Debug|Win32.Build.0 = Debug|Win32
		{FCAF931C-E851-BEF2-D10C-D246BD4D4543}.Debug|Win32.ActiveCfg = Debug|Win32
		{FCAF931C-E851-BEF2-D10C-D246BD4D4543}.Debug|Win32.Build.0 = Debug|Win32
	EndGlobalSection
	GlobalSection(SolutionProperties) = preSolution
		HideSolutionNode = FALSE
	EndGlobalSection
EndGlobal
